// !$*UTF8*$!
{
	archiveVersion = 1;
	classes = {
	};
	objectVersion = 46;
	objects = {

/* Begin PBXBuildFile section */
		49F462C51AA9356E00E56599 /* UserController.m in Sources */ = {isa = PBXBuildFile; fileRef = 49F462C41AA9356E00E56599 /* UserController.m */; };
		49F462C81AA9393D00E56599 /* Video.m in Sources */ = {isa = PBXBuildFile; fileRef = 49F462C71AA9393D00E56599 /* Video.m */; };
		49F462CB1AA93A5400E56599 /* Location.m in Sources */ = {isa = PBXBuildFile; fileRef = 49F462CA1AA93A5400E56599 /* Location.m */; };
		49F462CE1AA93B9800E56599 /* LocationController.m in Sources */ = {isa = PBXBuildFile; fileRef = 49F462CD1AA93B9800E56599 /* LocationController.m */; };
		77D6FB2A1AA92CAC00E97862 /* main.m in Sources */ = {isa = PBXBuildFile; fileRef = 77D6FB291AA92CAC00E97862 /* main.m */; };
		77D6FB2D1AA92CAC00E97862 /* AppDelegate.m in Sources */ = {isa = PBXBuildFile; fileRef = 77D6FB2C1AA92CAC00E97862 /* AppDelegate.m */; };
		77D6FB301AA92CAC00E97862 /* ViewController.m in Sources */ = {isa = PBXBuildFile; fileRef = 77D6FB2F1AA92CAC00E97862 /* ViewController.m */; };
		77D6FB331AA92CAC00E97862 /* Main.storyboard in Resources */ = {isa = PBXBuildFile; fileRef = 77D6FB311AA92CAC00E97862 /* Main.storyboard */; };
		77D6FB351AA92CAC00E97862 /* Images.xcassets in Resources */ = {isa = PBXBuildFile; fileRef = 77D6FB341AA92CAC00E97862 /* Images.xcassets */; };
		77D6FB381AA92CAC00E97862 /* LaunchScreen.xib in Resources */ = {isa = PBXBuildFile; fileRef = 77D6FB361AA92CAC00E97862 /* LaunchScreen.xib */; };
		77D6FB441AA92CAC00E97862 /* KingOfTheHillTests.m in Sources */ = {isa = PBXBuildFile; fileRef = 77D6FB431AA92CAC00E97862 /* KingOfTheHillTests.m */; };
		77D6FB4F1AA930E000E97862 /* User.m in Sources */ = {isa = PBXBuildFile; fileRef = 77D6FB4E1AA930E000E97862 /* User.m */; };
/* End PBXBuildFile section */

/* Begin PBXContainerItemProxy section */
		77D6FB3E1AA92CAC00E97862 /* PBXContainerItemProxy */ = {
			isa = PBXContainerItemProxy;
			containerPortal = 77D6FB1C1AA92CAC00E97862 /* Project object */;
			proxyType = 1;
			remoteGlobalIDString = 77D6FB231AA92CAC00E97862;
			remoteInfo = KingOfTheHill;
		};
/* End PBXContainerItemProxy section */

/* Begin PBXFileReference section */
		49F462C31AA9356E00E56599 /* UserController.h */ = {isa = PBXFileReference; fileEncoding = 4; lastKnownFileType = sourcecode.c.h; path = UserController.h; sourceTree = "<group>"; };
		49F462C41AA9356E00E56599 /* UserController.m */ = {isa = PBXFileReference; fileEncoding = 4; lastKnownFileType = sourcecode.c.objc; path = UserController.m; sourceTree = "<group>"; };
		49F462C61AA9393D00E56599 /* Video.h */ = {isa = PBXFileReference; fileEncoding = 4; lastKnownFileType = sourcecode.c.h; path = Video.h; sourceTree = "<group>"; };
		49F462C71AA9393D00E56599 /* Video.m */ = {isa = PBXFileReference; fileEncoding = 4; lastKnownFileType = sourcecode.c.objc; path = Video.m; sourceTree = "<group>"; };
		49F462C91AA93A5400E56599 /* Location.h */ = {isa = PBXFileReference; fileEncoding = 4; lastKnownFileType = sourcecode.c.h; path = Location.h; sourceTree = "<group>"; };
		49F462CA1AA93A5400E56599 /* Location.m */ = {isa = PBXFileReference; fileEncoding = 4; lastKnownFileType = sourcecode.c.objc; path = Location.m; sourceTree = "<group>"; };
		49F462CC1AA93B9800E56599 /* LocationController.h */ = {isa = PBXFileReference; fileEncoding = 4; lastKnownFileType = sourcecode.c.h; path = LocationController.h; sourceTree = "<group>"; };
		49F462CD1AA93B9800E56599 /* LocationController.m */ = {isa = PBXFileReference; fileEncoding = 4; lastKnownFileType = sourcecode.c.objc; path = LocationController.m; sourceTree = "<group>"; };
		77D6FB241AA92CAC00E97862 /* KingOfTheHill.app */ = {isa = PBXFileReference; explicitFileType = wrapper.application; includeInIndex = 0; path = KingOfTheHill.app; sourceTree = BUILT_PRODUCTS_DIR; };
		77D6FB281AA92CAC00E97862 /* Info.plist */ = {isa = PBXFileReference; lastKnownFileType = text.plist.xml; path = Info.plist; sourceTree = "<group>"; };
		77D6FB291AA92CAC00E97862 /* main.m */ = {isa = PBXFileReference; lastKnownFileType = sourcecode.c.objc; path = main.m; sourceTree = "<group>"; };
		77D6FB2B1AA92CAC00E97862 /* AppDelegate.h */ = {isa = PBXFileReference; lastKnownFileType = sourcecode.c.h; path = AppDelegate.h; sourceTree = "<group>"; };
		77D6FB2C1AA92CAC00E97862 /* AppDelegate.m */ = {isa = PBXFileReference; lastKnownFileType = sourcecode.c.objc; path = AppDelegate.m; sourceTree = "<group>"; };
		77D6FB2E1AA92CAC00E97862 /* ViewController.h */ = {isa = PBXFileReference; lastKnownFileType = sourcecode.c.h; path = ViewController.h; sourceTree = "<group>"; };
		77D6FB2F1AA92CAC00E97862 /* ViewController.m */ = {isa = PBXFileReference; lastKnownFileType = sourcecode.c.objc; path = ViewController.m; sourceTree = "<group>"; };
		77D6FB321AA92CAC00E97862 /* Base */ = {isa = PBXFileReference; lastKnownFileType = file.storyboard; name = Base; path = Base.lproj/Main.storyboard; sourceTree = "<group>"; };
		77D6FB341AA92CAC00E97862 /* Images.xcassets */ = {isa = PBXFileReference; lastKnownFileType = folder.assetcatalog; path = Images.xcassets; sourceTree = "<group>"; };
		77D6FB371AA92CAC00E97862 /* Base */ = {isa = PBXFileReference; lastKnownFileType = file.xib; name = Base; path = Base.lproj/LaunchScreen.xib; sourceTree = "<group>"; };
		77D6FB3D1AA92CAC00E97862 /* KingOfTheHillTests.xctest */ = {isa = PBXFileReference; explicitFileType = wrapper.cfbundle; includeInIndex = 0; path = KingOfTheHillTests.xctest; sourceTree = BUILT_PRODUCTS_DIR; };
		77D6FB421AA92CAC00E97862 /* Info.plist */ = {isa = PBXFileReference; lastKnownFileType = text.plist.xml; path = Info.plist; sourceTree = "<group>"; };
		77D6FB431AA92CAC00E97862 /* KingOfTheHillTests.m */ = {isa = PBXFileReference; lastKnownFileType = sourcecode.c.objc; path = KingOfTheHillTests.m; sourceTree = "<group>"; };
		77D6FB4D1AA930E000E97862 /* User.h */ = {isa = PBXFileReference; fileEncoding = 4; lastKnownFileType = sourcecode.c.h; path = User.h; sourceTree = "<group>"; };
		77D6FB4E1AA930E000E97862 /* User.m */ = {isa = PBXFileReference; fileEncoding = 4; lastKnownFileType = sourcecode.c.objc; path = User.m; sourceTree = "<group>"; };
/* End PBXFileReference section */

/* Begin PBXFrameworksBuildPhase section */
		77D6FB211AA92CAC00E97862 /* Frameworks */ = {
			isa = PBXFrameworksBuildPhase;
			buildActionMask = 2147483647;
			files = (
			);
			runOnlyForDeploymentPostprocessing = 0;
		};
		77D6FB3A1AA92CAC00E97862 /* Frameworks */ = {
			isa = PBXFrameworksBuildPhase;
			buildActionMask = 2147483647;
			files = (
			);
			runOnlyForDeploymentPostprocessing = 0;
		};
/* End PBXFrameworksBuildPhase section */

/* Begin PBXGroup section */
		49F462CF1AA93BB800E56599 /* Users&Video */ = {
			isa = PBXGroup;
			children = (
				77D6FB4D1AA930E000E97862 /* User.h */,
				77D6FB4E1AA930E000E97862 /* User.m */,
				49F462C31AA9356E00E56599 /* UserController.h */,
				49F462C41AA9356E00E56599 /* UserController.m */,
				49F462C61AA9393D00E56599 /* Video.h */,
				49F462C71AA9393D00E56599 /* Video.m */,
			);
			name = "Users&Video";
			sourceTree = "<group>";
		};
		49F462D01AA93BC300E56599 /* Location */ = {
			isa = PBXGroup;
			children = (
				49F462C91AA93A5400E56599 /* Location.h */,
				49F462CA1AA93A5400E56599 /* Location.m */,
				49F462CC1AA93B9800E56599 /* LocationController.h */,
				49F462CD1AA93B9800E56599 /* LocationController.m */,
			);
			name = Location;
			sourceTree = "<group>";
		};
		77D6FB1B1AA92CAC00E97862 = {
			isa = PBXGroup;
			children = (
				77D6FB261AA92CAC00E97862 /* KingOfTheHill */,
				77D6FB401AA92CAC00E97862 /* KingOfTheHillTests */,
				77D6FB251AA92CAC00E97862 /* Products */,
			);
			sourceTree = "<group>";
		};
		77D6FB251AA92CAC00E97862 /* Products */ = {
			isa = PBXGroup;
			children = (
				77D6FB241AA92CAC00E97862 /* KingOfTheHill.app */,
				77D6FB3D1AA92CAC00E97862 /* KingOfTheHillTests.xctest */,
			);
			name = Products;
			sourceTree = "<group>";
		};
		77D6FB261AA92CAC00E97862 /* KingOfTheHill */ = {
			isa = PBXGroup;
			children = (
				77D6FB2B1AA92CAC00E97862 /* AppDelegate.h */,
				77D6FB2C1AA92CAC00E97862 /* AppDelegate.m */,
				77D6FB2E1AA92CAC00E97862 /* ViewController.h */,
				77D6FB2F1AA92CAC00E97862 /* ViewController.m */,
				49F462CF1AA93BB800E56599 /* Users&Video */,
				49F462D01AA93BC300E56599 /* Location */,
				77D6FB311AA92CAC00E97862 /* Main.storyboard */,
				77D6FB341AA92CAC00E97862 /* Images.xcassets */,
				77D6FB361AA92CAC00E97862 /* LaunchScreen.xib */,
				77D6FB271AA92CAC00E97862 /* Supporting Files */,
			);
			path = KingOfTheHill;
			sourceTree = "<group>";
		};
		77D6FB271AA92CAC00E97862 /* Supporting Files */ = {
			isa = PBXGroup;
			children = (
				77D6FB281AA92CAC00E97862 /* Info.plist */,
				77D6FB291AA92CAC00E97862 /* main.m */,
			);
			name = "Supporting Files";
			sourceTree = "<group>";
		};
		77D6FB401AA92CAC00E97862 /* KingOfTheHillTests */ = {
			isa = PBXGroup;
			children = (
				77D6FB431AA92CAC00E97862 /* KingOfTheHillTests.m */,
				77D6FB411AA92CAC00E97862 /* Supporting Files */,
			);
			path = KingOfTheHillTests;
			sourceTree = "<group>";
		};
		77D6FB411AA92CAC00E97862 /* Supporting Files */ = {
			isa = PBXGroup;
			children = (
				77D6FB421AA92CAC00E97862 /* Info.plist */,
			);
			name = "Supporting Files";
			sourceTree = "<group>";
		};
/* End PBXGroup section */

/* Begin PBXNativeTarget section */
		77D6FB231AA92CAC00E97862 /* KingOfTheHill */ = {
			isa = PBXNativeTarget;
			buildConfigurationList = 77D6FB471AA92CAC00E97862 /* Build configuration list for PBXNativeTarget "KingOfTheHill" */;
			buildPhases = (
				77D6FB201AA92CAC00E97862 /* Sources */,
				77D6FB211AA92CAC00E97862 /* Frameworks */,
				77D6FB221AA92CAC00E97862 /* Resources */,
			);
			buildRules = (
			);
			dependencies = (
			);
			name = KingOfTheHill;
			productName = KingOfTheHill;
			productReference = 77D6FB241AA92CAC00E97862 /* KingOfTheHill.app */;
			productType = "com.apple.product-type.application";
		};
		77D6FB3C1AA92CAC00E97862 /* KingOfTheHillTests */ = {
			isa = PBXNativeTarget;
			buildConfigurationList = 77D6FB4A1AA92CAC00E97862 /* Build configuration list for PBXNativeTarget "KingOfTheHillTests" */;
			buildPhases = (
				77D6FB391AA92CAC00E97862 /* Sources */,
				77D6FB3A1AA92CAC00E97862 /* Frameworks */,
				77D6FB3B1AA92CAC00E97862 /* Resources */,
			);
			buildRules = (
			);
			dependencies = (
				77D6FB3F1AA92CAC00E97862 /* PBXTargetDependency */,
			);
			name = KingOfTheHillTests;
			productName = KingOfTheHillTests;
			productReference = 77D6FB3D1AA92CAC00E97862 /* KingOfTheHillTests.xctest */;
			productType = "com.apple.product-type.bundle.unit-test";
		};
/* End PBXNativeTarget section */

/* Begin PBXProject section */
		77D6FB1C1AA92CAC00E97862 /* Project object */ = {
			isa = PBXProject;
			attributes = {
				LastUpgradeCheck = 0610;
				ORGANIZATIONNAME = "David Monson";
				TargetAttributes = {
					77D6FB231AA92CAC00E97862 = {
						CreatedOnToolsVersion = 6.1.1;
					};
					77D6FB3C1AA92CAC00E97862 = {
						CreatedOnToolsVersion = 6.1.1;
						TestTargetID = 77D6FB231AA92CAC00E97862;
					};
				};
			};
			buildConfigurationList = 77D6FB1F1AA92CAC00E97862 /* Build configuration list for PBXProject "KingOfTheHill" */;
			compatibilityVersion = "Xcode 3.2";
			developmentRegion = English;
			hasScannedForEncodings = 0;
			knownRegions = (
				en,
				Base,
			);
			mainGroup = 77D6FB1B1AA92CAC00E97862;
			productRefGroup = 77D6FB251AA92CAC00E97862 /* Products */;
			projectDirPath = "";
			projectRoot = "";
			targets = (
				77D6FB231AA92CAC00E97862 /* KingOfTheHill */,
				77D6FB3C1AA92CAC00E97862 /* KingOfTheHillTests */,
			);
		};
/* End PBXProject section */

/* Begin PBXResourcesBuildPhase section */
		77D6FB221AA92CAC00E97862 /* Resources */ = {
			isa = PBXResourcesBuildPhase;
			buildActionMask = 2147483647;
			files = (
				77D6FB331AA92CAC00E97862 /* Main.storyboard in Resources */,
				77D6FB381AA92CAC00E97862 /* LaunchScreen.xib in Resources */,
				77D6FB351AA92CAC00E97862 /* Images.xcassets in Resources */,
			);
			runOnlyForDeploymentPostprocessing = 0;
		};
		77D6FB3B1AA92CAC00E97862 /* Resources */ = {
			isa = PBXResourcesBuildPhase;
			buildActionMask = 2147483647;
			files = (
			);
			runOnlyForDeploymentPostprocessing = 0;
		};
/* End PBXResourcesBuildPhase section */

/* Begin PBXSourcesBuildPhase section */
		77D6FB201AA92CAC00E97862 /* Sources */ = {
			isa = PBXSourcesBuildPhase;
			buildActionMask = 2147483647;
			files = (
				77D6FB4F1AA930E000E97862 /* User.m in Sources */,
				49F462CB1AA93A5400E56599 /* Location.m in Sources */,
				77D6FB301AA92CAC00E97862 /* ViewController.m in Sources */,
				49F462C51AA9356E00E56599 /* UserController.m in Sources */,
				49F462CE1AA93B9800E56599 /* LocationController.m in Sources */,
				49F462C81AA9393D00E56599 /* Video.m in Sources */,
				77D6FB2D1AA92CAC00E97862 /* AppDelegate.m in Sources */,
				77D6FB2A1AA92CAC00E97862 /* main.m in Sources */,
			);
			runOnlyForDeploymentPostprocessing = 0;
		};
		77D6FB391AA92CAC00E97862 /* Sources */ = {
			isa = PBXSourcesBuildPhase;
			buildActionMask = 2147483647;
			files = (
				77D6FB441AA92CAC00E97862 /* KingOfTheHillTests.m in Sources */,
			);
			runOnlyForDeploymentPostprocessing = 0;
		};
/* End PBXSourcesBuildPhase section */

/* Begin PBXTargetDependency section */
		77D6FB3F1AA92CAC00E97862 /* PBXTargetDependency */ = {
			isa = PBXTargetDependency;
			target = 77D6FB231AA92CAC00E97862 /* KingOfTheHill */;
			targetProxy = 77D6FB3E1AA92CAC00E97862 /* PBXContainerItemProxy */;
		};
/* End PBXTargetDependency section */

/* Begin PBXVariantGroup section */
		77D6FB311AA92CAC00E97862 /* Main.storyboard */ = {
			isa = PBXVariantGroup;
			children = (
				77D6FB321AA92CAC00E97862 /* Base */,
			);
			name = Main.storyboard;
			sourceTree = "<group>";
		};
		77D6FB361AA92CAC00E97862 /* LaunchScreen.xib */ = {
			isa = PBXVariantGroup;
			children = (
				77D6FB371AA92CAC00E97862 /* Base */,
			);
			name = LaunchScreen.xib;
			sourceTree = "<group>";
		};
/* End PBXVariantGroup section */

/* Begin XCBuildConfiguration section */
		77D6FB451AA92CAC00E97862 /* Debug */ = {
			isa = XCBuildConfiguration;
			buildSettings = {
				ALWAYS_SEARCH_USER_PATHS = NO;
				CLANG_CXX_LANGUAGE_STANDARD = "gnu++0x";
				CLANG_CXX_LIBRARY = "libc++";
				CLANG_ENABLE_MODULES = YES;
				CLANG_ENABLE_OBJC_ARC = YES;
				CLANG_WARN_BOOL_CONVERSION = YES;
				CLANG_WARN_CONSTANT_CONVERSION = YES;
				CLANG_WARN_DIRECT_OBJC_ISA_USAGE = YES_ERROR;
				CLANG_WARN_EMPTY_BODY = YES;
				CLANG_WARN_ENUM_CONVERSION = YES;
				CLANG_WARN_INT_CONVERSION = YES;
				CLANG_WARN_OBJC_ROOT_CLASS = YES_ERROR;
				CLANG_WARN_UNREACHABLE_CODE = YES;
				CLANG_WARN__DUPLICATE_METHOD_MATCH = YES;
				"CODE_SIGN_IDENTITY[sdk=iphoneos*]" = "iPhone Developer";
				COPY_PHASE_STRIP = NO;
				ENABLE_STRICT_OBJC_MSGSEND = YES;
				GCC_C_LANGUAGE_STANDARD = gnu99;
				GCC_DYNAMIC_NO_PIC = NO;
				GCC_OPTIMIZATION_LEVEL = 0;
				GCC_PREPROCESSOR_DEFINITIONS = (
					"DEBUG=1",
					"$(inherited)",
				);
				GCC_SYMBOLS_PRIVATE_EXTERN = NO;
				GCC_WARN_64_TO_32_BIT_CONVERSION = YES;
				GCC_WARN_ABOUT_RETURN_TYPE = YES_ERROR;
				GCC_WARN_UNDECLARED_SELECTOR = YES;
				GCC_WARN_UNINITIALIZED_AUTOS = YES_AGGRESSIVE;
				GCC_WARN_UNUSED_FUNCTION = YES;
				GCC_WARN_UNUSED_VARIABLE = YES;
				IPHONEOS_DEPLOYMENT_TARGET = 8.1;
				MTL_ENABLE_DEBUG_INFO = YES;
				ONLY_ACTIVE_ARCH = YES;
				SDKROOT = iphoneos;
			};
			name = Debug;
		};
		77D6FB461AA92CAC00E97862 /* Release */ = {
			isa = XCBuildConfiguration;
			buildSettings = {
				ALWAYS_SEARCH_USER_PATHS = NO;
				CLANG_CXX_LANGUAGE_STANDARD = "gnu++0x";
				CLANG_CXX_LIBRARY = "libc++";
				CLANG_ENABLE_MODULES = YES;
				CLANG_ENABLE_OBJC_ARC = YES;
				CLANG_WARN_BOOL_CONVERSION = YES;
				CLANG_WARN_CONSTANT_CONVERSION = YES;
				CLANG_WARN_DIRECT_OBJC_ISA_USAGE = YES_ERROR;
				CLANG_WARN_EMPTY_BODY = YES;
				CLANG_WARN_ENUM_CONVERSION = YES;
				CLANG_WARN_INT_CONVERSION = YES;
				CLANG_WARN_OBJC_ROOT_CLASS = YES_ERROR;
				CLANG_WARN_UNREACHABLE_CODE = YES;
				CLANG_WARN__DUPLICATE_METHOD_MATCH = YES;
				"CODE_SIGN_IDENTITY[sdk=iphoneos*]" = "iPhone Developer";
				COPY_PHASE_STRIP = YES;
				ENABLE_NS_ASSERTIONS = NO;
				ENABLE_STRICT_OBJC_MSGSEND = YES;
				GCC_C_LANGUAGE_STANDARD = gnu99;
				GCC_WARN_64_TO_32_BIT_CONVERSION = YES;
				GCC_WARN_ABOUT_RETURN_TYPE = YES_ERROR;
				GCC_WARN_UNDECLARED_SELECTOR = YES;
				GCC_WARN_UNINITIALIZED_AUTOS = YES_AGGRESSIVE;
				GCC_WARN_UNUSED_FUNCTION = YES;
				GCC_WARN_UNUSED_VARIABLE = YES;
				IPHONEOS_DEPLOYMENT_TARGET = 8.1;
				MTL_ENABLE_DEBUG_INFO = NO;
				SDKROOT = iphoneos;
				VALIDATE_PRODUCT = YES;
			};
			name = Release;
		};
		77D6FB481AA92CAC00E97862 /* Debug */ = {
			isa = XCBuildConfiguration;
			buildSettings = {
				ASSETCATALOG_COMPILER_APPICON_NAME = AppIcon;
				INFOPLIST_FILE = KingOfTheHill/Info.plist;
				LD_RUNPATH_SEARCH_PATHS = "$(inherited) @executable_path/Frameworks";
				PRODUCT_NAME = "$(TARGET_NAME)";
			};
			name = Debug;
		};
		77D6FB491AA92CAC00E97862 /* Release */ = {
			isa = XCBuildConfiguration;
			buildSettings = {
				ASSETCATALOG_COMPILER_APPICON_NAME = AppIcon;
				INFOPLIST_FILE = KingOfTheHill/Info.plist;
				LD_RUNPATH_SEARCH_PATHS = "$(inherited) @executable_path/Frameworks";
				PRODUCT_NAME = "$(TARGET_NAME)";
			};
			name = Release;
		};
		77D6FB4B1AA92CAC00E97862 /* Debug */ = {
			isa = XCBuildConfiguration;
			buildSettings = {
				BUNDLE_LOADER = "$(TEST_HOST)";
				FRAMEWORK_SEARCH_PATHS = (
					"$(SDKROOT)/Developer/Library/Frameworks",
					"$(inherited)",
				);
				GCC_PREPROCESSOR_DEFINITIONS = (
					"DEBUG=1",
					"$(inherited)",
				);
				INFOPLIST_FILE = KingOfTheHillTests/Info.plist;
				LD_RUNPATH_SEARCH_PATHS = "$(inherited) @executable_path/Frameworks @loader_path/Frameworks";
				PRODUCT_NAME = "$(TARGET_NAME)";
				TEST_HOST = "$(BUILT_PRODUCTS_DIR)/KingOfTheHill.app/KingOfTheHill";
			};
			name = Debug;
		};
		77D6FB4C1AA92CAC00E97862 /* Release */ = {
			isa = XCBuildConfiguration;
			buildSettings = {
				BUNDLE_LOADER = "$(TEST_HOST)";
				FRAMEWORK_SEARCH_PATHS = (
					"$(SDKROOT)/Developer/Library/Frameworks",
					"$(inherited)",
				);
				INFOPLIST_FILE = KingOfTheHillTests/Info.plist;
				LD_RUNPATH_SEARCH_PATHS = "$(inherited) @executable_path/Frameworks @loader_path/Frameworks";
				PRODUCT_NAME = "$(TARGET_NAME)";
				TEST_HOST = "$(BUILT_PRODUCTS_DIR)/KingOfTheHill.app/KingOfTheHill";
			};
			name = Release;
		};
/* End XCBuildConfiguration section */

/* Begin XCConfigurationList section */
		77D6FB1F1AA92CAC00E97862 /* Build configuration list for PBXProject "KingOfTheHill" */ = {
			isa = XCConfigurationList;
			buildConfigurations = (
				77D6FB451AA92CAC00E97862 /* Debug */,
				77D6FB461AA92CAC00E97862 /* Release */,
			);
			defaultConfigurationIsVisible = 0;
			defaultConfigurationName = Release;
		};
		77D6FB471AA92CAC00E97862 /* Build configuration list for PBXNativeTarget "KingOfTheHill" */ = {
			isa = XCConfigurationList;
			buildConfigurations = (
				77D6FB481AA92CAC00E97862 /* Debug */,
				77D6FB491AA92CAC00E97862 /* Release */,
			);
			defaultConfigurationIsVisible = 0;
			defaultConfigurationName = Release;
		};
		77D6FB4A1AA92CAC00E97862 /* Build configuration list for PBXNativeTarget "KingOfTheHillTests" */ = {
			isa = XCConfigurationList;
			buildConfigurations = (
				77D6FB4B1AA92CAC00E97862 /* Debug */,
				77D6FB4C1AA92CAC00E97862 /* Release */,
			);
			defaultConfigurationIsVisible = 0;
			defaultConfigurationName = Release;
		};
/* End XCConfigurationList section */
	};
	rootObject = 77D6FB1C1AA92CAC00E97862 /* Project object */;
}
