// !$*UTF8*$!
{
	archiveVersion = 1;
	classes = {
	};
	objectVersion = 46;
	objects = {

/* Begin PBXBuildFile section */
		12215DBF1AB78DC500D4E8A2 /* VideoFeedDataSource.m in Sources */ = {isa = PBXBuildFile; fileRef = 12215DBE1AB78DC500D4E8A2 /* VideoFeedDataSource.m */; };
		12215DC51AB9076900D4E8A2 /* SectionHeaderView.m in Sources */ = {isa = PBXBuildFile; fileRef = 12215DC41AB9076900D4E8A2 /* SectionHeaderView.m */; };
		12A5C0551AB7771C00DB4ACB /* VideoFeedTableViewCell.m in Sources */ = {isa = PBXBuildFile; fileRef = 12A5C0541AB7771C00DB4ACB /* VideoFeedTableViewCell.m */; };
		12CD76B81ABBD99300438D7E /* LegalStuff.m in Sources */ = {isa = PBXBuildFile; fileRef = 12CD76B71ABBD99300438D7E /* LegalStuff.m */; };
		12CD76BB1ABCA65400438D7E /* UILabel+DynamicLabel.m in Sources */ = {isa = PBXBuildFile; fileRef = 12CD76BA1ABCA65400438D7E /* UILabel+DynamicLabel.m */; };
		12CD76BE1ABCC08200438D7E /* DocsViewController.m in Sources */ = {isa = PBXBuildFile; fileRef = 12CD76BD1ABCC08200438D7E /* DocsViewController.m */; };
		499F2CC31AB241D700B3FDDF /* VideoPin.m in Sources */ = {isa = PBXBuildFile; fileRef = 499F2CC21AB241D700B3FDDF /* VideoPin.m */; };
		499F2CC91AB2596400B3FDDF /* SwipePageViewController.m in Sources */ = {isa = PBXBuildFile; fileRef = 499F2CC81AB2596400B3FDDF /* SwipePageViewController.m */; };
		499F2CCC1AB2598B00B3FDDF /* VideoFeedViewController.m in Sources */ = {isa = PBXBuildFile; fileRef = 499F2CCB1AB2598B00B3FDDF /* VideoFeedViewController.m */; };
		499F2CCF1AB259A800B3FDDF /* ProfileViewController.m in Sources */ = {isa = PBXBuildFile; fileRef = 499F2CCE1AB259A800B3FDDF /* ProfileViewController.m */; };
		499F2D041AB2852600B3FDDF /* AnnotationVideoPlayerViewViewController.m in Sources */ = {isa = PBXBuildFile; fileRef = 499F2D031AB2852600B3FDDF /* AnnotationVideoPlayerViewViewController.m */; };
		499F2D0A1AB3375600B3FDDF /* AVPlayerDemoPlaybackView.m in Sources */ = {isa = PBXBuildFile; fileRef = 499F2D091AB3375600B3FDDF /* AVPlayerDemoPlaybackView.m */; };
		499F2D0D1AB3423D00B3FDDF /* UserController.m in Sources */ = {isa = PBXBuildFile; fileRef = 499F2D0C1AB3423D00B3FDDF /* UserController.m */; };
		49AF60BD1AB8CB06003C123D /* AAPLCameraViewController.m in Sources */ = {isa = PBXBuildFile; fileRef = 49AF60B91AB8CB06003C123D /* AAPLCameraViewController.m */; };
		49AF60BE1AB8CB06003C123D /* AAPLPreviewView.m in Sources */ = {isa = PBXBuildFile; fileRef = 49AF60BC1AB8CB06003C123D /* AAPLPreviewView.m */; };
		49CC3CA31AB368C300672138 /* CameraViewController.m in Sources */ = {isa = PBXBuildFile; fileRef = 49CC3CA21AB368C300672138 /* CameraViewController.m */; };
		49CC3CA51AB3871B00672138 /* Social.framework in Frameworks */ = {isa = PBXBuildFile; fileRef = 49CC3CA41AB3871B00672138 /* Social.framework */; settings = {ATTRIBUTES = (Required, ); }; };
		49CC3CA71AB3872500672138 /* Accounts.framework in Frameworks */ = {isa = PBXBuildFile; fileRef = 49CC3CA61AB3872500672138 /* Accounts.framework */; settings = {ATTRIBUTES = (Required, ); }; };
		49CC3CAD1AB550B000672138 /* LoadingStatus.m in Sources */ = {isa = PBXBuildFile; fileRef = 49CC3CAC1AB550B000672138 /* LoadingStatus.m */; };
		49F462C51AA9356E00E56599 /* VideoController.m in Sources */ = {isa = PBXBuildFile; fileRef = 49F462C41AA9356E00E56599 /* VideoController.m */; };
		49F462CB1AA93A5400E56599 /* Location.m in Sources */ = {isa = PBXBuildFile; fileRef = 49F462CA1AA93A5400E56599 /* Location.m */; };
		705183BE1AAE574500A365FF /* Vote.m in Sources */ = {isa = PBXBuildFile; fileRef = 705183BD1AAE574500A365FF /* Vote.m */; };
		708554B71AAE6B47006DEB38 /* MapKit.framework in Frameworks */ = {isa = PBXBuildFile; fileRef = 708554B61AAE6B47006DEB38 /* MapKit.framework */; };
		708554BA1AAE6BA8006DEB38 /* LocationViewController.m in Sources */ = {isa = PBXBuildFile; fileRef = 708554B91AAE6BA8006DEB38 /* LocationViewController.m */; };
		70A189161AAF8D080044F98D /* Bolts.framework in Frameworks */ = {isa = PBXBuildFile; fileRef = 70A189141AAF8D080044F98D /* Bolts.framework */; };
		70A189171AAF8D080044F98D /* Parse.framework in Frameworks */ = {isa = PBXBuildFile; fileRef = 70A189151AAF8D080044F98D /* Parse.framework */; };
		70A189191AAF8D200044F98D /* ParseUI.framework in Frameworks */ = {isa = PBXBuildFile; fileRef = 70A189181AAF8D200044F98D /* ParseUI.framework */; };
		70A1891C1AAF8DCA0044F98D /* AudioToolbox.framework in Frameworks */ = {isa = PBXBuildFile; fileRef = 70A1891B1AAF8DCA0044F98D /* AudioToolbox.framework */; };
		70A1891E1AAF8DD40044F98D /* CFNetwork.framework in Frameworks */ = {isa = PBXBuildFile; fileRef = 70A1891D1AAF8DD40044F98D /* CFNetwork.framework */; };
		70A189201AAF8DDD0044F98D /* CoreGraphics.framework in Frameworks */ = {isa = PBXBuildFile; fileRef = 70A1891F1AAF8DDD0044F98D /* CoreGraphics.framework */; };
		70A189221AAF8DE40044F98D /* CoreLocation.framework in Frameworks */ = {isa = PBXBuildFile; fileRef = 70A189211AAF8DE40044F98D /* CoreLocation.framework */; };
		70A189241AAF8DED0044F98D /* MobileCoreServices.framework in Frameworks */ = {isa = PBXBuildFile; fileRef = 70A189231AAF8DED0044F98D /* MobileCoreServices.framework */; };
		70A189261AAF8DF80044F98D /* QuartzCore.framework in Frameworks */ = {isa = PBXBuildFile; fileRef = 70A189251AAF8DF80044F98D /* QuartzCore.framework */; };
		70A189281AAF8E000044F98D /* Security.framework in Frameworks */ = {isa = PBXBuildFile; fileRef = 70A189271AAF8E000044F98D /* Security.framework */; };
		70A1892A1AAF8E090044F98D /* StoreKit.framework in Frameworks */ = {isa = PBXBuildFile; fileRef = 70A189291AAF8E090044F98D /* StoreKit.framework */; };
		70A1892C1AAF8E130044F98D /* SystemConfiguration.framework in Frameworks */ = {isa = PBXBuildFile; fileRef = 70A1892B1AAF8E130044F98D /* SystemConfiguration.framework */; };
		70A1892E1AAF8E1C0044F98D /* libz.dylib in Frameworks */ = {isa = PBXBuildFile; fileRef = 70A1892D1AAF8E1C0044F98D /* libz.dylib */; };
		70A189301AAF8E250044F98D /* libsqlite3.dylib in Frameworks */ = {isa = PBXBuildFile; fileRef = 70A1892F1AAF8E250044F98D /* libsqlite3.dylib */; };
		70A189391AAF923E0044F98D /* Video.m in Sources */ = {isa = PBXBuildFile; fileRef = 70A189381AAF923E0044F98D /* Video.m */; };
		77D6FB2A1AA92CAC00E97862 /* main.m in Sources */ = {isa = PBXBuildFile; fileRef = 77D6FB291AA92CAC00E97862 /* main.m */; };
		77D6FB2D1AA92CAC00E97862 /* AppDelegate.m in Sources */ = {isa = PBXBuildFile; fileRef = 77D6FB2C1AA92CAC00E97862 /* AppDelegate.m */; };
		77D6FB301AA92CAC00E97862 /* ViewController.m in Sources */ = {isa = PBXBuildFile; fileRef = 77D6FB2F1AA92CAC00E97862 /* ViewController.m */; };
		77D6FB331AA92CAC00E97862 /* Main.storyboard in Resources */ = {isa = PBXBuildFile; fileRef = 77D6FB311AA92CAC00E97862 /* Main.storyboard */; };
		77D6FB351AA92CAC00E97862 /* Images.xcassets in Resources */ = {isa = PBXBuildFile; fileRef = 77D6FB341AA92CAC00E97862 /* Images.xcassets */; };
		77D6FB381AA92CAC00E97862 /* LaunchScreen.xib in Resources */ = {isa = PBXBuildFile; fileRef = 77D6FB361AA92CAC00E97862 /* LaunchScreen.xib */; };
		77D6FB441AA92CAC00E97862 /* KingOfTheHillTests.m in Sources */ = {isa = PBXBuildFile; fileRef = 77D6FB431AA92CAC00E97862 /* KingOfTheHillTests.m */; };
		77D6FB4F1AA930E000E97862 /* User.m in Sources */ = {isa = PBXBuildFile; fileRef = 77D6FB4E1AA930E000E97862 /* User.m */; };
/* End PBXBuildFile section */

/* Begin PBXContainerItemProxy section */
		77D6FB3E1AA92CAC00E97862 /* PBXContainerItemProxy */ = {
			isa = PBXContainerItemProxy;
			containerPortal = 77D6FB1C1AA92CAC00E97862 /* Project object */;
			proxyType = 1;
			remoteGlobalIDString = 77D6FB231AA92CAC00E97862;
			remoteInfo = KingOfTheHill;
		};
/* End PBXContainerItemProxy section */

/* Begin PBXFileReference section */
		12215DBD1AB78DC500D4E8A2 /* VideoFeedDataSource.h */ = {isa = PBXFileReference; fileEncoding = 4; lastKnownFileType = sourcecode.c.h; path = VideoFeedDataSource.h; sourceTree = "<group>"; };
		12215DBE1AB78DC500D4E8A2 /* VideoFeedDataSource.m */ = {isa = PBXFileReference; fileEncoding = 4; lastKnownFileType = sourcecode.c.objc; path = VideoFeedDataSource.m; sourceTree = "<group>"; };
		12215DC31AB9076900D4E8A2 /* SectionHeaderView.h */ = {isa = PBXFileReference; fileEncoding = 4; lastKnownFileType = sourcecode.c.h; path = SectionHeaderView.h; sourceTree = "<group>"; };
		12215DC41AB9076900D4E8A2 /* SectionHeaderView.m */ = {isa = PBXFileReference; fileEncoding = 4; lastKnownFileType = sourcecode.c.objc; path = SectionHeaderView.m; sourceTree = "<group>"; };
		12A5C0531AB7771C00DB4ACB /* VideoFeedTableViewCell.h */ = {isa = PBXFileReference; fileEncoding = 4; lastKnownFileType = sourcecode.c.h; path = VideoFeedTableViewCell.h; sourceTree = "<group>"; };
		12A5C0541AB7771C00DB4ACB /* VideoFeedTableViewCell.m */ = {isa = PBXFileReference; fileEncoding = 4; lastKnownFileType = sourcecode.c.objc; path = VideoFeedTableViewCell.m; sourceTree = "<group>"; };
		12CD76B61ABBD99300438D7E /* LegalStuff.h */ = {isa = PBXFileReference; fileEncoding = 4; lastKnownFileType = sourcecode.c.h; path = LegalStuff.h; sourceTree = "<group>"; };
		12CD76B71ABBD99300438D7E /* LegalStuff.m */ = {isa = PBXFileReference; fileEncoding = 4; lastKnownFileType = sourcecode.c.objc; path = LegalStuff.m; sourceTree = "<group>"; };
		12CD76B91ABCA65400438D7E /* UILabel+DynamicLabel.h */ = {isa = PBXFileReference; fileEncoding = 4; lastKnownFileType = sourcecode.c.h; path = "UILabel+DynamicLabel.h"; sourceTree = "<group>"; };
		12CD76BA1ABCA65400438D7E /* UILabel+DynamicLabel.m */ = {isa = PBXFileReference; fileEncoding = 4; lastKnownFileType = sourcecode.c.objc; path = "UILabel+DynamicLabel.m"; sourceTree = "<group>"; };
		12CD76BC1ABCC08200438D7E /* DocsViewController.h */ = {isa = PBXFileReference; fileEncoding = 4; lastKnownFileType = sourcecode.c.h; path = DocsViewController.h; sourceTree = "<group>"; };
		12CD76BD1ABCC08200438D7E /* DocsViewController.m */ = {isa = PBXFileReference; fileEncoding = 4; lastKnownFileType = sourcecode.c.objc; path = DocsViewController.m; sourceTree = "<group>"; };
		499F2CC11AB241D700B3FDDF /* VideoPin.h */ = {isa = PBXFileReference; fileEncoding = 4; lastKnownFileType = sourcecode.c.h; path = VideoPin.h; sourceTree = "<group>"; };
		499F2CC21AB241D700B3FDDF /* VideoPin.m */ = {isa = PBXFileReference; fileEncoding = 4; lastKnownFileType = sourcecode.c.objc; path = VideoPin.m; sourceTree = "<group>"; };
		499F2CC71AB2596400B3FDDF /* SwipePageViewController.h */ = {isa = PBXFileReference; fileEncoding = 4; lastKnownFileType = sourcecode.c.h; path = SwipePageViewController.h; sourceTree = "<group>"; };
		499F2CC81AB2596400B3FDDF /* SwipePageViewController.m */ = {isa = PBXFileReference; fileEncoding = 4; lastKnownFileType = sourcecode.c.objc; path = SwipePageViewController.m; sourceTree = "<group>"; };
		499F2CCA1AB2598B00B3FDDF /* VideoFeedViewController.h */ = {isa = PBXFileReference; fileEncoding = 4; lastKnownFileType = sourcecode.c.h; path = VideoFeedViewController.h; sourceTree = "<group>"; };
		499F2CCB1AB2598B00B3FDDF /* VideoFeedViewController.m */ = {isa = PBXFileReference; fileEncoding = 4; lastKnownFileType = sourcecode.c.objc; path = VideoFeedViewController.m; sourceTree = "<group>"; };
		499F2CCD1AB259A800B3FDDF /* ProfileViewController.h */ = {isa = PBXFileReference; fileEncoding = 4; lastKnownFileType = sourcecode.c.h; path = ProfileViewController.h; sourceTree = "<group>"; };
		499F2CCE1AB259A800B3FDDF /* ProfileViewController.m */ = {isa = PBXFileReference; fileEncoding = 4; lastKnownFileType = sourcecode.c.objc; path = ProfileViewController.m; sourceTree = "<group>"; };
		499F2D021AB2852600B3FDDF /* AnnotationVideoPlayerViewViewController.h */ = {isa = PBXFileReference; fileEncoding = 4; lastKnownFileType = sourcecode.c.h; path = AnnotationVideoPlayerViewViewController.h; sourceTree = "<group>"; };
		499F2D031AB2852600B3FDDF /* AnnotationVideoPlayerViewViewController.m */ = {isa = PBXFileReference; fileEncoding = 4; lastKnownFileType = sourcecode.c.objc; path = AnnotationVideoPlayerViewViewController.m; sourceTree = "<group>"; };
		499F2D081AB3375600B3FDDF /* AVPlayerDemoPlaybackView.h */ = {isa = PBXFileReference; fileEncoding = 4; lastKnownFileType = sourcecode.c.h; path = AVPlayerDemoPlaybackView.h; sourceTree = "<group>"; };
		499F2D091AB3375600B3FDDF /* AVPlayerDemoPlaybackView.m */ = {isa = PBXFileReference; fileEncoding = 4; lastKnownFileType = sourcecode.c.objc; path = AVPlayerDemoPlaybackView.m; sourceTree = "<group>"; };
		499F2D0B1AB3423D00B3FDDF /* UserController.h */ = {isa = PBXFileReference; fileEncoding = 4; lastKnownFileType = sourcecode.c.h; path = UserController.h; sourceTree = "<group>"; };
		499F2D0C1AB3423D00B3FDDF /* UserController.m */ = {isa = PBXFileReference; fileEncoding = 4; lastKnownFileType = sourcecode.c.objc; path = UserController.m; sourceTree = "<group>"; };
		49AF60B91AB8CB06003C123D /* AAPLCameraViewController.m */ = {isa = PBXFileReference; fileEncoding = 4; lastKnownFileType = sourcecode.c.objc; path = AAPLCameraViewController.m; sourceTree = "<group>"; };
		49AF60BA1AB8CB06003C123D /* AAPLCameraViewController.h */ = {isa = PBXFileReference; fileEncoding = 4; lastKnownFileType = sourcecode.c.h; path = AAPLCameraViewController.h; sourceTree = "<group>"; };
		49AF60BB1AB8CB06003C123D /* AAPLPreviewView.h */ = {isa = PBXFileReference; fileEncoding = 4; lastKnownFileType = sourcecode.c.h; path = AAPLPreviewView.h; sourceTree = "<group>"; };
		49AF60BC1AB8CB06003C123D /* AAPLPreviewView.m */ = {isa = PBXFileReference; fileEncoding = 4; lastKnownFileType = sourcecode.c.objc; path = AAPLPreviewView.m; sourceTree = "<group>"; };
		49CC3CA11AB368C300672138 /* CameraViewController.h */ = {isa = PBXFileReference; fileEncoding = 4; lastKnownFileType = sourcecode.c.h; path = CameraViewController.h; sourceTree = "<group>"; };
		49CC3CA21AB368C300672138 /* CameraViewController.m */ = {isa = PBXFileReference; fileEncoding = 4; lastKnownFileType = sourcecode.c.objc; path = CameraViewController.m; sourceTree = "<group>"; };
		49CC3CA41AB3871B00672138 /* Social.framework */ = {isa = PBXFileReference; lastKnownFileType = wrapper.framework; name = Social.framework; path = System/Library/Frameworks/Social.framework; sourceTree = SDKROOT; };
		49CC3CA61AB3872500672138 /* Accounts.framework */ = {isa = PBXFileReference; lastKnownFileType = wrapper.framework; name = Accounts.framework; path = System/Library/Frameworks/Accounts.framework; sourceTree = SDKROOT; };
		49CC3CAB1AB550B000672138 /* LoadingStatus.h */ = {isa = PBXFileReference; fileEncoding = 4; lastKnownFileType = sourcecode.c.h; path = LoadingStatus.h; sourceTree = "<group>"; };
		49CC3CAC1AB550B000672138 /* LoadingStatus.m */ = {isa = PBXFileReference; fileEncoding = 4; lastKnownFileType = sourcecode.c.objc; path = LoadingStatus.m; sourceTree = "<group>"; };
		49F462C31AA9356E00E56599 /* VideoController.h */ = {isa = PBXFileReference; fileEncoding = 4; lastKnownFileType = sourcecode.c.h; path = VideoController.h; sourceTree = "<group>"; };
		49F462C41AA9356E00E56599 /* VideoController.m */ = {isa = PBXFileReference; fileEncoding = 4; lastKnownFileType = sourcecode.c.objc; path = VideoController.m; sourceTree = "<group>"; };
		49F462C91AA93A5400E56599 /* Location.h */ = {isa = PBXFileReference; fileEncoding = 4; lastKnownFileType = sourcecode.c.h; path = Location.h; sourceTree = "<group>"; };
		49F462CA1AA93A5400E56599 /* Location.m */ = {isa = PBXFileReference; fileEncoding = 4; lastKnownFileType = sourcecode.c.objc; path = Location.m; sourceTree = "<group>"; };
		705183BC1AAE574500A365FF /* Vote.h */ = {isa = PBXFileReference; fileEncoding = 4; lastKnownFileType = sourcecode.c.h; path = Vote.h; sourceTree = "<group>"; };
		705183BD1AAE574500A365FF /* Vote.m */ = {isa = PBXFileReference; fileEncoding = 4; lastKnownFileType = sourcecode.c.objc; path = Vote.m; sourceTree = "<group>"; };
		708554B61AAE6B47006DEB38 /* MapKit.framework */ = {isa = PBXFileReference; lastKnownFileType = wrapper.framework; name = MapKit.framework; path = System/Library/Frameworks/MapKit.framework; sourceTree = SDKROOT; };
		708554B81AAE6BA8006DEB38 /* LocationViewController.h */ = {isa = PBXFileReference; fileEncoding = 4; lastKnownFileType = sourcecode.c.h; path = LocationViewController.h; sourceTree = "<group>"; };
		708554B91AAE6BA8006DEB38 /* LocationViewController.m */ = {isa = PBXFileReference; fileEncoding = 4; lastKnownFileType = sourcecode.c.objc; path = LocationViewController.m; sourceTree = "<group>"; };
		70A189141AAF8D080044F98D /* Bolts.framework */ = {isa = PBXFileReference; lastKnownFileType = wrapper.framework; path = Bolts.framework; sourceTree = "<group>"; };
		70A189151AAF8D080044F98D /* Parse.framework */ = {isa = PBXFileReference; lastKnownFileType = wrapper.framework; path = Parse.framework; sourceTree = "<group>"; };
		70A189181AAF8D200044F98D /* ParseUI.framework */ = {isa = PBXFileReference; lastKnownFileType = wrapper.framework; path = ParseUI.framework; sourceTree = "<group>"; };
		70A1891B1AAF8DCA0044F98D /* AudioToolbox.framework */ = {isa = PBXFileReference; lastKnownFileType = wrapper.framework; name = AudioToolbox.framework; path = System/Library/Frameworks/AudioToolbox.framework; sourceTree = SDKROOT; };
		70A1891D1AAF8DD40044F98D /* CFNetwork.framework */ = {isa = PBXFileReference; lastKnownFileType = wrapper.framework; name = CFNetwork.framework; path = System/Library/Frameworks/CFNetwork.framework; sourceTree = SDKROOT; };
		70A1891F1AAF8DDD0044F98D /* CoreGraphics.framework */ = {isa = PBXFileReference; lastKnownFileType = wrapper.framework; name = CoreGraphics.framework; path = System/Library/Frameworks/CoreGraphics.framework; sourceTree = SDKROOT; };
		70A189211AAF8DE40044F98D /* CoreLocation.framework */ = {isa = PBXFileReference; lastKnownFileType = wrapper.framework; name = CoreLocation.framework; path = System/Library/Frameworks/CoreLocation.framework; sourceTree = SDKROOT; };
		70A189231AAF8DED0044F98D /* MobileCoreServices.framework */ = {isa = PBXFileReference; lastKnownFileType = wrapper.framework; name = MobileCoreServices.framework; path = System/Library/Frameworks/MobileCoreServices.framework; sourceTree = SDKROOT; };
		70A189251AAF8DF80044F98D /* QuartzCore.framework */ = {isa = PBXFileReference; lastKnownFileType = wrapper.framework; name = QuartzCore.framework; path = System/Library/Frameworks/QuartzCore.framework; sourceTree = SDKROOT; };
		70A189271AAF8E000044F98D /* Security.framework */ = {isa = PBXFileReference; lastKnownFileType = wrapper.framework; name = Security.framework; path = System/Library/Frameworks/Security.framework; sourceTree = SDKROOT; };
		70A189291AAF8E090044F98D /* StoreKit.framework */ = {isa = PBXFileReference; lastKnownFileType = wrapper.framework; name = StoreKit.framework; path = System/Library/Frameworks/StoreKit.framework; sourceTree = SDKROOT; };
		70A1892B1AAF8E130044F98D /* SystemConfiguration.framework */ = {isa = PBXFileReference; lastKnownFileType = wrapper.framework; name = SystemConfiguration.framework; path = System/Library/Frameworks/SystemConfiguration.framework; sourceTree = SDKROOT; };
		70A1892D1AAF8E1C0044F98D /* libz.dylib */ = {isa = PBXFileReference; lastKnownFileType = "compiled.mach-o.dylib"; name = libz.dylib; path = usr/lib/libz.dylib; sourceTree = SDKROOT; };
		70A1892F1AAF8E250044F98D /* libsqlite3.dylib */ = {isa = PBXFileReference; lastKnownFileType = "compiled.mach-o.dylib"; name = libsqlite3.dylib; path = usr/lib/libsqlite3.dylib; sourceTree = SDKROOT; };
		70A189371AAF923E0044F98D /* Video.h */ = {isa = PBXFileReference; fileEncoding = 4; lastKnownFileType = sourcecode.c.h; path = Video.h; sourceTree = "<group>"; };
		70A189381AAF923E0044F98D /* Video.m */ = {isa = PBXFileReference; fileEncoding = 4; lastKnownFileType = sourcecode.c.objc; path = Video.m; sourceTree = "<group>"; };
		77D6FB241AA92CAC00E97862 /* KingOfTheHill.app */ = {isa = PBXFileReference; explicitFileType = wrapper.application; includeInIndex = 0; path = KingOfTheHill.app; sourceTree = BUILT_PRODUCTS_DIR; };
		77D6FB281AA92CAC00E97862 /* Info.plist */ = {isa = PBXFileReference; lastKnownFileType = text.plist.xml; path = Info.plist; sourceTree = "<group>"; };
		77D6FB291AA92CAC00E97862 /* main.m */ = {isa = PBXFileReference; lastKnownFileType = sourcecode.c.objc; path = main.m; sourceTree = "<group>"; };
		77D6FB2B1AA92CAC00E97862 /* AppDelegate.h */ = {isa = PBXFileReference; lastKnownFileType = sourcecode.c.h; path = AppDelegate.h; sourceTree = "<group>"; };
		77D6FB2C1AA92CAC00E97862 /* AppDelegate.m */ = {isa = PBXFileReference; lastKnownFileType = sourcecode.c.objc; path = AppDelegate.m; sourceTree = "<group>"; };
		77D6FB2E1AA92CAC00E97862 /* ViewController.h */ = {isa = PBXFileReference; lastKnownFileType = sourcecode.c.h; path = ViewController.h; sourceTree = "<group>"; };
		77D6FB2F1AA92CAC00E97862 /* ViewController.m */ = {isa = PBXFileReference; lastKnownFileType = sourcecode.c.objc; path = ViewController.m; sourceTree = "<group>"; };
		77D6FB321AA92CAC00E97862 /* Base */ = {isa = PBXFileReference; lastKnownFileType = file.storyboard; name = Base; path = Base.lproj/Main.storyboard; sourceTree = "<group>"; };
		77D6FB341AA92CAC00E97862 /* Images.xcassets */ = {isa = PBXFileReference; lastKnownFileType = folder.assetcatalog; path = Images.xcassets; sourceTree = "<group>"; };
		77D6FB371AA92CAC00E97862 /* Base */ = {isa = PBXFileReference; lastKnownFileType = file.xib; name = Base; path = Base.lproj/LaunchScreen.xib; sourceTree = "<group>"; };
		77D6FB3D1AA92CAC00E97862 /* KingOfTheHillTests.xctest */ = {isa = PBXFileReference; explicitFileType = wrapper.cfbundle; includeInIndex = 0; path = KingOfTheHillTests.xctest; sourceTree = BUILT_PRODUCTS_DIR; };
		77D6FB421AA92CAC00E97862 /* Info.plist */ = {isa = PBXFileReference; lastKnownFileType = text.plist.xml; path = Info.plist; sourceTree = "<group>"; };
		77D6FB431AA92CAC00E97862 /* KingOfTheHillTests.m */ = {isa = PBXFileReference; lastKnownFileType = sourcecode.c.objc; path = KingOfTheHillTests.m; sourceTree = "<group>"; };
		77D6FB4D1AA930E000E97862 /* User.h */ = {isa = PBXFileReference; fileEncoding = 4; lastKnownFileType = sourcecode.c.h; path = User.h; sourceTree = "<group>"; };
		77D6FB4E1AA930E000E97862 /* User.m */ = {isa = PBXFileReference; fileEncoding = 4; lastKnownFileType = sourcecode.c.objc; path = User.m; sourceTree = "<group>"; };
/* End PBXFileReference section */

/* Begin PBXFrameworksBuildPhase section */
		77D6FB211AA92CAC00E97862 /* Frameworks */ = {
			isa = PBXFrameworksBuildPhase;
			buildActionMask = 2147483647;
			files = (
				49CC3CA71AB3872500672138 /* Accounts.framework in Frameworks */,
				49CC3CA51AB3871B00672138 /* Social.framework in Frameworks */,
				70A189301AAF8E250044F98D /* libsqlite3.dylib in Frameworks */,
				70A1892E1AAF8E1C0044F98D /* libz.dylib in Frameworks */,
				70A1892C1AAF8E130044F98D /* SystemConfiguration.framework in Frameworks */,
				70A1892A1AAF8E090044F98D /* StoreKit.framework in Frameworks */,
				70A189281AAF8E000044F98D /* Security.framework in Frameworks */,
				70A189261AAF8DF80044F98D /* QuartzCore.framework in Frameworks */,
				70A189241AAF8DED0044F98D /* MobileCoreServices.framework in Frameworks */,
				70A189221AAF8DE40044F98D /* CoreLocation.framework in Frameworks */,
				70A189201AAF8DDD0044F98D /* CoreGraphics.framework in Frameworks */,
				70A1891E1AAF8DD40044F98D /* CFNetwork.framework in Frameworks */,
				70A1891C1AAF8DCA0044F98D /* AudioToolbox.framework in Frameworks */,
				70A189161AAF8D080044F98D /* Bolts.framework in Frameworks */,
				708554B71AAE6B47006DEB38 /* MapKit.framework in Frameworks */,
				70A189191AAF8D200044F98D /* ParseUI.framework in Frameworks */,
				70A189171AAF8D080044F98D /* Parse.framework in Frameworks */,
			);
			runOnlyForDeploymentPostprocessing = 0;
		};
		77D6FB3A1AA92CAC00E97862 /* Frameworks */ = {
			isa = PBXFrameworksBuildPhase;
			buildActionMask = 2147483647;
			files = (
			);
			runOnlyForDeploymentPostprocessing = 0;
		};
/* End PBXFrameworksBuildPhase section */

/* Begin PBXGroup section */
		49AF60BF1AB8CB0C003C123D /* Camera */ = {
			isa = PBXGroup;
			children = (
				49AF60BA1AB8CB06003C123D /* AAPLCameraViewController.h */,
				49AF60B91AB8CB06003C123D /* AAPLCameraViewController.m */,
				49AF60BB1AB8CB06003C123D /* AAPLPreviewView.h */,
				49AF60BC1AB8CB06003C123D /* AAPLPreviewView.m */,
			);
			name = Camera;
			sourceTree = "<group>";
		};
		49F462CF1AA93BB800E56599 /* Users&Video */ = {
			isa = PBXGroup;
			children = (
				77D6FB4D1AA930E000E97862 /* User.h */,
				77D6FB4E1AA930E000E97862 /* User.m */,
				499F2D0B1AB3423D00B3FDDF /* UserController.h */,
				499F2D0C1AB3423D00B3FDDF /* UserController.m */,
				70A189371AAF923E0044F98D /* Video.h */,
				70A189381AAF923E0044F98D /* Video.m */,
				49F462C31AA9356E00E56599 /* VideoController.h */,
				49F462C41AA9356E00E56599 /* VideoController.m */,
				499F2CC11AB241D700B3FDDF /* VideoPin.h */,
				499F2CC21AB241D700B3FDDF /* VideoPin.m */,
				705183BC1AAE574500A365FF /* Vote.h */,
				705183BD1AAE574500A365FF /* Vote.m */,
			);
			name = "Users&Video";
			sourceTree = "<group>";
		};
		49F462D01AA93BC300E56599 /* Location */ = {
			isa = PBXGroup;
			children = (
				49F462C91AA93A5400E56599 /* Location.h */,
				49F462CA1AA93A5400E56599 /* Location.m */,
				708554B81AAE6BA8006DEB38 /* LocationViewController.h */,
				708554B91AAE6BA8006DEB38 /* LocationViewController.m */,
				49CC3CAB1AB550B000672138 /* LoadingStatus.h */,
				49CC3CAC1AB550B000672138 /* LoadingStatus.m */,
				499F2D021AB2852600B3FDDF /* AnnotationVideoPlayerViewViewController.h */,
				499F2D031AB2852600B3FDDF /* AnnotationVideoPlayerViewViewController.m */,
				499F2D081AB3375600B3FDDF /* AVPlayerDemoPlaybackView.h */,
				499F2D091AB3375600B3FDDF /* AVPlayerDemoPlaybackView.m */,
			);
			name = Location;
			sourceTree = "<group>";
		};
		70A1891A1AAF8D450044F98D /* FrameWorks */ = {
			isa = PBXGroup;
			children = (
				70A1892F1AAF8E250044F98D /* libsqlite3.dylib */,
				70A1892D1AAF8E1C0044F98D /* libz.dylib */,
				49CC3CA61AB3872500672138 /* Accounts.framework */,
				49CC3CA41AB3871B00672138 /* Social.framework */,
				70A1892B1AAF8E130044F98D /* SystemConfiguration.framework */,
				70A189291AAF8E090044F98D /* StoreKit.framework */,
				70A189271AAF8E000044F98D /* Security.framework */,
				70A189251AAF8DF80044F98D /* QuartzCore.framework */,
				70A189231AAF8DED0044F98D /* MobileCoreServices.framework */,
				70A189211AAF8DE40044F98D /* CoreLocation.framework */,
				70A1891F1AAF8DDD0044F98D /* CoreGraphics.framework */,
				70A1891D1AAF8DD40044F98D /* CFNetwork.framework */,
				70A1891B1AAF8DCA0044F98D /* AudioToolbox.framework */,
				708554B61AAE6B47006DEB38 /* MapKit.framework */,
				70A189181AAF8D200044F98D /* ParseUI.framework */,
				70A189141AAF8D080044F98D /* Bolts.framework */,
				70A189151AAF8D080044F98D /* Parse.framework */,
			);
			name = FrameWorks;
			sourceTree = "<group>";
		};
		77D6FB1B1AA92CAC00E97862 = {
			isa = PBXGroup;
			children = (
				77D6FB261AA92CAC00E97862 /* KingOfTheHill */,
				77D6FB401AA92CAC00E97862 /* KingOfTheHillTests */,
				77D6FB251AA92CAC00E97862 /* Products */,
			);
			sourceTree = "<group>";
		};
		77D6FB251AA92CAC00E97862 /* Products */ = {
			isa = PBXGroup;
			children = (
				77D6FB241AA92CAC00E97862 /* KingOfTheHill.app */,
				77D6FB3D1AA92CAC00E97862 /* KingOfTheHillTests.xctest */,
			);
			name = Products;
			sourceTree = "<group>";
		};
		77D6FB261AA92CAC00E97862 /* KingOfTheHill */ = {
			isa = PBXGroup;
			children = (
				49AF60BF1AB8CB0C003C123D /* Camera */,
				499F2CCD1AB259A800B3FDDF /* ProfileViewController.h */,
				499F2CCE1AB259A800B3FDDF /* ProfileViewController.m */,
				12CD76BC1ABCC08200438D7E /* DocsViewController.h */,
				12CD76BD1ABCC08200438D7E /* DocsViewController.m */,
				12CD76B91ABCA65400438D7E /* UILabel+DynamicLabel.h */,
				12CD76BA1ABCA65400438D7E /* UILabel+DynamicLabel.m */,
				499F2CCA1AB2598B00B3FDDF /* VideoFeedViewController.h */,
				499F2CCB1AB2598B00B3FDDF /* VideoFeedViewController.m */,
				12A5C0531AB7771C00DB4ACB /* VideoFeedTableViewCell.h */,
				12A5C0541AB7771C00DB4ACB /* VideoFeedTableViewCell.m */,
				12215DC31AB9076900D4E8A2 /* SectionHeaderView.h */,
				12215DC41AB9076900D4E8A2 /* SectionHeaderView.m */,
				12215DBD1AB78DC500D4E8A2 /* VideoFeedDataSource.h */,
				12215DBE1AB78DC500D4E8A2 /* VideoFeedDataSource.m */,
				499F2CC71AB2596400B3FDDF /* SwipePageViewController.h */,
				499F2CC81AB2596400B3FDDF /* SwipePageViewController.m */,
				49CC3CA11AB368C300672138 /* CameraViewController.h */,
				49CC3CA21AB368C300672138 /* CameraViewController.m */,
				77D6FB2B1AA92CAC00E97862 /* AppDelegate.h */,
				77D6FB2C1AA92CAC00E97862 /* AppDelegate.m */,
				77D6FB2E1AA92CAC00E97862 /* ViewController.h */,
				77D6FB2F1AA92CAC00E97862 /* ViewController.m */,
				12CD76B61ABBD99300438D7E /* LegalStuff.h */,
				12CD76B71ABBD99300438D7E /* LegalStuff.m */,
				49F462CF1AA93BB800E56599 /* Users&Video */,
				49F462D01AA93BC300E56599 /* Location */,
				77D6FB311AA92CAC00E97862 /* Main.storyboard */,
				77D6FB341AA92CAC00E97862 /* Images.xcassets */,
				77D6FB361AA92CAC00E97862 /* LaunchScreen.xib */,
				70A1891A1AAF8D450044F98D /* FrameWorks */,
				77D6FB271AA92CAC00E97862 /* Supporting Files */,
			);
			path = KingOfTheHill;
			sourceTree = "<group>";
		};
		77D6FB271AA92CAC00E97862 /* Supporting Files */ = {
			isa = PBXGroup;
			children = (
				77D6FB281AA92CAC00E97862 /* Info.plist */,
				77D6FB291AA92CAC00E97862 /* main.m */,
			);
			name = "Supporting Files";
			sourceTree = "<group>";
		};
		77D6FB401AA92CAC00E97862 /* KingOfTheHillTests */ = {
			isa = PBXGroup;
			children = (
				77D6FB431AA92CAC00E97862 /* KingOfTheHillTests.m */,
				77D6FB411AA92CAC00E97862 /* Supporting Files */,
			);
			path = KingOfTheHillTests;
			sourceTree = "<group>";
		};
		77D6FB411AA92CAC00E97862 /* Supporting Files */ = {
			isa = PBXGroup;
			children = (
				77D6FB421AA92CAC00E97862 /* Info.plist */,
			);
			name = "Supporting Files";
			sourceTree = "<group>";
		};
/* End PBXGroup section */

/* Begin PBXNativeTarget section */
		77D6FB231AA92CAC00E97862 /* KingOfTheHill */ = {
			isa = PBXNativeTarget;
			buildConfigurationList = 77D6FB471AA92CAC00E97862 /* Build configuration list for PBXNativeTarget "KingOfTheHill" */;
			buildPhases = (
				77D6FB201AA92CAC00E97862 /* Sources */,
				77D6FB211AA92CAC00E97862 /* Frameworks */,
				77D6FB221AA92CAC00E97862 /* Resources */,
			);
			buildRules = (
			);
			dependencies = (
			);
			name = KingOfTheHill;
			productName = KingOfTheHill;
			productReference = 77D6FB241AA92CAC00E97862 /* KingOfTheHill.app */;
			productType = "com.apple.product-type.application";
		};
		77D6FB3C1AA92CAC00E97862 /* KingOfTheHillTests */ = {
			isa = PBXNativeTarget;
			buildConfigurationList = 77D6FB4A1AA92CAC00E97862 /* Build configuration list for PBXNativeTarget "KingOfTheHillTests" */;
			buildPhases = (
				77D6FB391AA92CAC00E97862 /* Sources */,
				77D6FB3A1AA92CAC00E97862 /* Frameworks */,
				77D6FB3B1AA92CAC00E97862 /* Resources */,
			);
			buildRules = (
			);
			dependencies = (
				77D6FB3F1AA92CAC00E97862 /* PBXTargetDependency */,
			);
			name = KingOfTheHillTests;
			productName = KingOfTheHillTests;
			productReference = 77D6FB3D1AA92CAC00E97862 /* KingOfTheHillTests.xctest */;
			productType = "com.apple.product-type.bundle.unit-test";
		};
/* End PBXNativeTarget section */

/* Begin PBXProject section */
		77D6FB1C1AA92CAC00E97862 /* Project object */ = {
			isa = PBXProject;
			attributes = {
				LastUpgradeCheck = 0610;
				ORGANIZATIONNAME = "David Monson";
				TargetAttributes = {
					77D6FB231AA92CAC00E97862 = {
						CreatedOnToolsVersion = 6.1.1;
						DevelopmentTeam = U5K4WANHCY;
						SystemCapabilities = {
							com.apple.Maps.iOS = {
								enabled = 1;
							};
							com.apple.iCloud = {
								enabled = 0;
							};
						};
					};
					77D6FB3C1AA92CAC00E97862 = {
						CreatedOnToolsVersion = 6.1.1;
						DevelopmentTeam = U5K4WANHCY;
						TestTargetID = 77D6FB231AA92CAC00E97862;
					};
				};
			};
			buildConfigurationList = 77D6FB1F1AA92CAC00E97862 /* Build configuration list for PBXProject "KingOfTheHill" */;
			compatibilityVersion = "Xcode 3.2";
			developmentRegion = English;
			hasScannedForEncodings = 0;
			knownRegions = (
				en,
				Base,
			);
			mainGroup = 77D6FB1B1AA92CAC00E97862;
			productRefGroup = 77D6FB251AA92CAC00E97862 /* Products */;
			projectDirPath = "";
			projectRoot = "";
			targets = (
				77D6FB231AA92CAC00E97862 /* KingOfTheHill */,
				77D6FB3C1AA92CAC00E97862 /* KingOfTheHillTests */,
			);
		};
/* End PBXProject section */

/* Begin PBXResourcesBuildPhase section */
		77D6FB221AA92CAC00E97862 /* Resources */ = {
			isa = PBXResourcesBuildPhase;
			buildActionMask = 2147483647;
			files = (
				77D6FB331AA92CAC00E97862 /* Main.storyboard in Resources */,
				77D6FB381AA92CAC00E97862 /* LaunchScreen.xib in Resources */,
				77D6FB351AA92CAC00E97862 /* Images.xcassets in Resources */,
			);
			runOnlyForDeploymentPostprocessing = 0;
		};
		77D6FB3B1AA92CAC00E97862 /* Resources */ = {
			isa = PBXResourcesBuildPhase;
			buildActionMask = 2147483647;
			files = (
			);
			runOnlyForDeploymentPostprocessing = 0;
		};
/* End PBXResourcesBuildPhase section */

/* Begin PBXSourcesBuildPhase section */
		77D6FB201AA92CAC00E97862 /* Sources */ = {
			isa = PBXSourcesBuildPhase;
			buildActionMask = 2147483647;
			files = (
				499F2CC91AB2596400B3FDDF /* SwipePageViewController.m in Sources */,
				705183BE1AAE574500A365FF /* Vote.m in Sources */,
				499F2CCC1AB2598B00B3FDDF /* VideoFeedViewController.m in Sources */,
				77D6FB4F1AA930E000E97862 /* User.m in Sources */,
				49CC3CAD1AB550B000672138 /* LoadingStatus.m in Sources */,
				499F2D0A1AB3375600B3FDDF /* AVPlayerDemoPlaybackView.m in Sources */,
				499F2CCF1AB259A800B3FDDF /* ProfileViewController.m in Sources */,
				499F2D041AB2852600B3FDDF /* AnnotationVideoPlayerViewViewController.m in Sources */,
				12215DBF1AB78DC500D4E8A2 /* VideoFeedDataSource.m in Sources */,
				12A5C0551AB7771C00DB4ACB /* VideoFeedTableViewCell.m in Sources */,
				499F2CC31AB241D700B3FDDF /* VideoPin.m in Sources */,
				49F462CB1AA93A5400E56599 /* Location.m in Sources */,
				12CD76B81ABBD99300438D7E /* LegalStuff.m in Sources */,
				499F2D0D1AB3423D00B3FDDF /* UserController.m in Sources */,
				49AF60BE1AB8CB06003C123D /* AAPLPreviewView.m in Sources */,
				49CC3CA31AB368C300672138 /* CameraViewController.m in Sources */,
				70A189391AAF923E0044F98D /* Video.m in Sources */,
				77D6FB301AA92CAC00E97862 /* ViewController.m in Sources */,
				49F462C51AA9356E00E56599 /* VideoController.m in Sources */,
				77D6FB2D1AA92CAC00E97862 /* AppDelegate.m in Sources */,
				12CD76BB1ABCA65400438D7E /* UILabel+DynamicLabel.m in Sources */,
				77D6FB2A1AA92CAC00E97862 /* main.m in Sources */,
				12215DC51AB9076900D4E8A2 /* SectionHeaderView.m in Sources */,
				12CD76BE1ABCC08200438D7E /* DocsViewController.m in Sources */,
				708554BA1AAE6BA8006DEB38 /* LocationViewController.m in Sources */,
				49AF60BD1AB8CB06003C123D /* AAPLCameraViewController.m in Sources */,
			);
			runOnlyForDeploymentPostprocessing = 0;
		};
		77D6FB391AA92CAC00E97862 /* Sources */ = {
			isa = PBXSourcesBuildPhase;
			buildActionMask = 2147483647;
			files = (
				77D6FB441AA92CAC00E97862 /* KingOfTheHillTests.m in Sources */,
			);
			runOnlyForDeploymentPostprocessing = 0;
		};
/* End PBXSourcesBuildPhase section */

/* Begin PBXTargetDependency section */
		77D6FB3F1AA92CAC00E97862 /* PBXTargetDependency */ = {
			isa = PBXTargetDependency;
			target = 77D6FB231AA92CAC00E97862 /* KingOfTheHill */;
			targetProxy = 77D6FB3E1AA92CAC00E97862 /* PBXContainerItemProxy */;
		};
/* End PBXTargetDependency section */

/* Begin PBXVariantGroup section */
		77D6FB311AA92CAC00E97862 /* Main.storyboard */ = {
			isa = PBXVariantGroup;
			children = (
				77D6FB321AA92CAC00E97862 /* Base */,
			);
			name = Main.storyboard;
			sourceTree = "<group>";
		};
		77D6FB361AA92CAC00E97862 /* LaunchScreen.xib */ = {
			isa = PBXVariantGroup;
			children = (
				77D6FB371AA92CAC00E97862 /* Base */,
			);
			name = LaunchScreen.xib;
			sourceTree = "<group>";
		};
/* End PBXVariantGroup section */

/* Begin XCBuildConfiguration section */
		77D6FB451AA92CAC00E97862 /* Debug */ = {
			isa = XCBuildConfiguration;
			buildSettings = {
				ALWAYS_SEARCH_USER_PATHS = NO;
				CLANG_CXX_LANGUAGE_STANDARD = "gnu++0x";
				CLANG_CXX_LIBRARY = "libc++";
				CLANG_ENABLE_MODULES = YES;
				CLANG_ENABLE_OBJC_ARC = YES;
				CLANG_WARN_BOOL_CONVERSION = YES;
				CLANG_WARN_CONSTANT_CONVERSION = YES;
				CLANG_WARN_DIRECT_OBJC_ISA_USAGE = YES_ERROR;
				CLANG_WARN_EMPTY_BODY = YES;
				CLANG_WARN_ENUM_CONVERSION = YES;
				CLANG_WARN_INT_CONVERSION = YES;
				CLANG_WARN_OBJC_ROOT_CLASS = YES_ERROR;
				CLANG_WARN_UNREACHABLE_CODE = YES;
				CLANG_WARN__DUPLICATE_METHOD_MATCH = YES;
				"CODE_SIGN_IDENTITY[sdk=iphoneos*]" = "iPhone Developer";
				COPY_PHASE_STRIP = NO;
				ENABLE_STRICT_OBJC_MSGSEND = YES;
				GCC_C_LANGUAGE_STANDARD = gnu99;
				GCC_DYNAMIC_NO_PIC = NO;
				GCC_OPTIMIZATION_LEVEL = 0;
				GCC_PREPROCESSOR_DEFINITIONS = (
					"DEBUG=1",
					"$(inherited)",
				);
				GCC_SYMBOLS_PRIVATE_EXTERN = NO;
				GCC_WARN_64_TO_32_BIT_CONVERSION = YES;
				GCC_WARN_ABOUT_RETURN_TYPE = YES_ERROR;
				GCC_WARN_UNDECLARED_SELECTOR = YES;
				GCC_WARN_UNINITIALIZED_AUTOS = YES_AGGRESSIVE;
				GCC_WARN_UNUSED_FUNCTION = YES;
				GCC_WARN_UNUSED_VARIABLE = YES;
				IPHONEOS_DEPLOYMENT_TARGET = 8.2;
				MTL_ENABLE_DEBUG_INFO = YES;
				ONLY_ACTIVE_ARCH = YES;
				SDKROOT = iphoneos;
			};
			name = Debug;
		};
		77D6FB461AA92CAC00E97862 /* Release */ = {
			isa = XCBuildConfiguration;
			buildSettings = {
				ALWAYS_SEARCH_USER_PATHS = NO;
				CLANG_CXX_LANGUAGE_STANDARD = "gnu++0x";
				CLANG_CXX_LIBRARY = "libc++";
				CLANG_ENABLE_MODULES = YES;
				CLANG_ENABLE_OBJC_ARC = YES;
				CLANG_WARN_BOOL_CONVERSION = YES;
				CLANG_WARN_CONSTANT_CONVERSION = YES;
				CLANG_WARN_DIRECT_OBJC_ISA_USAGE = YES_ERROR;
				CLANG_WARN_EMPTY_BODY = YES;
				CLANG_WARN_ENUM_CONVERSION = YES;
				CLANG_WARN_INT_CONVERSION = YES;
				CLANG_WARN_OBJC_ROOT_CLASS = YES_ERROR;
				CLANG_WARN_UNREACHABLE_CODE = YES;
				CLANG_WARN__DUPLICATE_METHOD_MATCH = YES;
				"CODE_SIGN_IDENTITY[sdk=iphoneos*]" = "iPhone Developer";
				COPY_PHASE_STRIP = YES;
				ENABLE_NS_ASSERTIONS = NO;
				ENABLE_STRICT_OBJC_MSGSEND = YES;
				GCC_C_LANGUAGE_STANDARD = gnu99;
				GCC_WARN_64_TO_32_BIT_CONVERSION = YES;
				GCC_WARN_ABOUT_RETURN_TYPE = YES_ERROR;
				GCC_WARN_UNDECLARED_SELECTOR = YES;
				GCC_WARN_UNINITIALIZED_AUTOS = YES_AGGRESSIVE;
				GCC_WARN_UNUSED_FUNCTION = YES;
				GCC_WARN_UNUSED_VARIABLE = YES;
				IPHONEOS_DEPLOYMENT_TARGET = 8.2;
				MTL_ENABLE_DEBUG_INFO = NO;
				SDKROOT = iphoneos;
				VALIDATE_PRODUCT = YES;
			};
			name = Release;
		};
		77D6FB481AA92CAC00E97862 /* Debug */ = {
			isa = XCBuildConfiguration;
			buildSettings = {
				ASSETCATALOG_COMPILER_APPICON_NAME = AppIcon;
				CODE_SIGN_IDENTITY = "iPhone Developer";
				"CODE_SIGN_IDENTITY[sdk=iphoneos*]" = "iPhone Developer";
				FRAMEWORK_SEARCH_PATHS = (
					"$(inherited)",
					"$(PROJECT_DIR)/KingOfTheHill",
				);
				INFOPLIST_FILE = KingOfTheHill/Info.plist;
				IPHONEOS_DEPLOYMENT_TARGET = 8.2;
				LD_RUNPATH_SEARCH_PATHS = "$(inherited) @executable_path/Frameworks";
				PRODUCT_NAME = "$(TARGET_NAME)";
				PROVISIONING_PROFILE = "";
			};
			name = Debug;
		};
		77D6FB491AA92CAC00E97862 /* Release */ = {
			isa = XCBuildConfiguration;
			buildSettings = {
				ASSETCATALOG_COMPILER_APPICON_NAME = AppIcon;
				CODE_SIGN_IDENTITY = "iPhone Developer";
				"CODE_SIGN_IDENTITY[sdk=iphoneos*]" = "iPhone Developer";
				FRAMEWORK_SEARCH_PATHS = (
					"$(inherited)",
					"$(PROJECT_DIR)/KingOfTheHill",
				);
				INFOPLIST_FILE = KingOfTheHill/Info.plist;
				IPHONEOS_DEPLOYMENT_TARGET = 8.2;
				LD_RUNPATH_SEARCH_PATHS = "$(inherited) @executable_path/Frameworks";
				PRODUCT_NAME = "$(TARGET_NAME)";
				PROVISIONING_PROFILE = "";
			};
			name = Release;
		};
		77D6FB4B1AA92CAC00E97862 /* Debug */ = {
			isa = XCBuildConfiguration;
			buildSettings = {
				BUNDLE_LOADER = "$(TEST_HOST)";
				FRAMEWORK_SEARCH_PATHS = (
					"$(SDKROOT)/Developer/Library/Frameworks",
					"$(inherited)",
				);
				GCC_PREPROCESSOR_DEFINITIONS = (
					"DEBUG=1",
					"$(inherited)",
				);
				INFOPLIST_FILE = KingOfTheHillTests/Info.plist;
				LD_RUNPATH_SEARCH_PATHS = "$(inherited) @executable_path/Frameworks @loader_path/Frameworks";
				PRODUCT_NAME = "$(TARGET_NAME)";
				TEST_HOST = "$(BUILT_PRODUCTS_DIR)/KingOfTheHill.app/KingOfTheHill";
			};
			name = Debug;
		};
		77D6FB4C1AA92CAC00E97862 /* Release */ = {
			isa = XCBuildConfiguration;
			buildSettings = {
				BUNDLE_LOADER = "$(TEST_HOST)";
				FRAMEWORK_SEARCH_PATHS = (
					"$(SDKROOT)/Developer/Library/Frameworks",
					"$(inherited)",
				);
				INFOPLIST_FILE = KingOfTheHillTests/Info.plist;
				LD_RUNPATH_SEARCH_PATHS = "$(inherited) @executable_path/Frameworks @loader_path/Frameworks";
				PRODUCT_NAME = "$(TARGET_NAME)";
				TEST_HOST = "$(BUILT_PRODUCTS_DIR)/KingOfTheHill.app/KingOfTheHill";
			};
			name = Release;
		};
/* End XCBuildConfiguration section */

/* Begin XCConfigurationList section */
		77D6FB1F1AA92CAC00E97862 /* Build configuration list for PBXProject "KingOfTheHill" */ = {
			isa = XCConfigurationList;
			buildConfigurations = (
				77D6FB451AA92CAC00E97862 /* Debug */,
				77D6FB461AA92CAC00E97862 /* Release */,
			);
			defaultConfigurationIsVisible = 0;
			defaultConfigurationName = Release;
		};
		77D6FB471AA92CAC00E97862 /* Build configuration list for PBXNativeTarget "KingOfTheHill" */ = {
			isa = XCConfigurationList;
			buildConfigurations = (
				77D6FB481AA92CAC00E97862 /* Debug */,
				77D6FB491AA92CAC00E97862 /* Release */,
			);
			defaultConfigurationIsVisible = 0;
			defaultConfigurationName = Release;
		};
		77D6FB4A1AA92CAC00E97862 /* Build configuration list for PBXNativeTarget "KingOfTheHillTests" */ = {
			isa = XCConfigurationList;
			buildConfigurations = (
				77D6FB4B1AA92CAC00E97862 /* Debug */,
				77D6FB4C1AA92CAC00E97862 /* Release */,
			);
			defaultConfigurationIsVisible = 0;
			defaultConfigurationName = Release;
		};
/* End XCConfigurationList section */
	};
	rootObject = 77D6FB1C1AA92CAC00E97862 /* Project object */;
}
